
Microsoft Visual Studio Solution File, Format Version 12.00
# Visual Studio Version 16
VisualStudioVersion = 16.0.31105.61
MinimumVisualStudioVersion = 10.0.40219.1
Project("{FAE04EC0-301F-11D3-BF4B-00C04F79EFBC}") = "ParamsTest", "ParamsTest.csproj", "{BC948278-498E-462A-905F-EF46D361DF18}"
EndProject
Global
	GlobalSection(SolutionConfigurationPlatforms) = preSolution
		Debug|Any CPU = Debug|Any CPU
		Release|Any CPU = Release|Any CPU
	EndGlobalSection
	GlobalSection(ProjectConfigurationPlatforms) = postSolution
		{BC948278-498E-462A-905F-EF46D361DF18}.Debug|Any CPU.ActiveCfg = Debug|Any CPU
		{BC948278-498E-462A-905F-EF46D361DF18}.Debug|Any CPU.Build.0 = Debug|Any CPU
		{BC948278-498E-462A-905F-EF46D361DF18}.Release|Any CPU.ActiveCfg = Release|Any CPU
		{BC948278-498E-462A-905F-EF46D361DF18}.Release|Any CPU.Build.0 = Release|Any CPU
	EndGlobalSection
	GlobalSection(SolutionProperties) = preSolution
		HideSolutionNode = FALSE
	EndGlobalSection
	GlobalSection(ExtensibilityGlobals) = postSolution
		SolutionGuid = {F6B7E046-24D9-4165-9204-6F37F5D16F8B}
	EndGlobalSection
EndGlobal
